
Microsoft Visual Studio Solution File, Format Version 12.00
# Visual Studio Version 16
VisualStudioVersion = 16.0.31410.357
MinimumVisualStudioVersion = 10.0.40219.1
Project("{FAE04EC0-301F-11D3-BF4B-00C04F79EFBC}") = "Projekat_A-Skocko", "Projekat_A-Skocko\Projekat_A-Skocko.csproj", "{8898C47C-5E65-411F-A071-94B00D1798A9}"
EndProject
Global
	GlobalSection(SolutionConfigurationPlatforms) = preSolution
		Debug|Any CPU = Debug|Any CPU
		Release|Any CPU = Release|Any CPU
	EndGlobalSection
	GlobalSection(ProjectConfigurationPlatforms) = postSolution
		{8898C47C-5E65-411F-A071-94B00D1798A9}.Debug|Any CPU.ActiveCfg = Debug|Any CPU
		{8898C47C-5E65-411F-A071-94B00D1798A9}.Debug|Any CPU.Build.0 = Debug|Any CPU
		{8898C47C-5E65-411F-A071-94B00D1798A9}.Release|Any CPU.ActiveCfg = Release|Any CPU
		{8898C47C-5E65-411F-A071-94B00D1798A9}.Release|Any CPU.Build.0 = Release|Any CPU
	EndGlobalSection
	GlobalSection(SolutionProperties) = preSolution
		HideSolutionNode = FALSE
	EndGlobalSection
	GlobalSection(ExtensibilityGlobals) = postSolution
		SolutionGuid = {753F3414-694C-4CD3-AC70-9347BB15B187}
	EndGlobalSection
EndGlobal
